{
  "name": "@makigas/discordjs-reaction-role-typescript-13-example",
  "version": "1.0.0",
  "lockfileVersion": 2,
  "requires": true,
  "packages": {
    "": {
      "name": "@makigas/discordjs-reaction-role-typescript-13-example",
      "version": "1.0.0",
      "license": "ISC",
      "dependencies": {
        "discord.js": "^13.0",
        "discordjs-reaction-role": "3.1.0-beta.1"
      },
      "devDependencies": {
        "typescript": "^4.7.4"
      }
    },
    "../..": {
      "version": "3.1.0-beta.1",
      "extraneous": true,
      "license": "ISC",
      "devDependencies": {
        "@types/chai": "^4.3.1",
        "@types/mocha": "^9.1.1",
        "@types/sinon": "^10.0.11",
        "@types/sinon-chai": "^3.2.8",
        "@types/ws": "^8.5.3",
        "@typescript-eslint/eslint-plugin": "^5.21.0",
        "@typescript-eslint/parser": "^5.21.0",
        "chai": "^4.3.6",
        "discord.js": "^14.0.0",
        "eslint": "^8.14.0",
        "eslint-config-prettier": "^8.5.0",
        "eslint-plugin-prettier": "^4.0.0",
        "mocha": "^10.0.0",
        "prettier": "^2.6.2",
        "rimraf": "^3.0.2",
        "sinon": "^13.0.2",
        "sinon-chai": "^3.5.0",
        "standard-version": "^9.1.0",
        "typescript": "^4.7.4"
      },
      "engines": {
        "node": ">=16.6"
      },
      "peerDependencies": {
        "discord.js": "^13.0.0 || ^14.0.0"
      }
    },
    "node_modules/@discordjs/builders": {
      "version": "0.16.0",
      "license": "Apache-2.0",
      "dependencies": {
        "@sapphire/shapeshift": "^3.5.1",
        "discord-api-types": "^0.36.2",
        "fast-deep-equal": "^3.1.3",
        "ts-mixer": "^6.0.1",
        "tslib": "^2.4.0"
      },
      "engines": {
        "node": ">=16.9.0"
      }
    },
    "node_modules/@discordjs/builders/node_modules/discord-api-types": {
      "version": "0.36.3",
      "license": "MIT"
    },
    "node_modules/@discordjs/collection": {
      "version": "0.7.0",
      "license": "Apache-2.0",
      "engines": {
        "node": ">=16.9.0"
      }
    },
    "node_modules/@sapphire/async-queue": {
      "version": "1.3.2",
      "license": "MIT",
      "engines": {
        "node": ">=v14.0.0",
        "npm": ">=7.0.0"
      }
    },
    "node_modules/@sapphire/shapeshift": {
      "version": "3.5.1",
      "license": "MIT",
      "dependencies": {
        "fast-deep-equal": "^3.1.3",
        "lodash.uniqwith": "^4.5.0"
      },
      "engines": {
        "node": ">=v14.0.0",
        "npm": ">=7.0.0"
      }
    },
    "node_modules/@types/node": {
      "version": "18.6.4",
      "license": "MIT"
    },
    "node_modules/@types/node-fetch": {
      "version": "2.6.2",
      "license": "MIT",
      "dependencies": {
        "@types/node": "*",
        "form-data": "^3.0.0"
      }
    },
    "node_modules/@types/node-fetch/node_modules/form-data": {
      "version": "3.0.1",
      "license": "MIT",
      "dependencies": {
        "asynckit": "^0.4.0",
        "combined-stream": "^1.0.8",
        "mime-types": "^2.1.12"
      },
      "engines": {
        "node": ">= 6"
      }
    },
    "node_modules/@types/ws": {
      "version": "8.5.3",
      "license": "MIT",
      "dependencies": {
        "@types/node": "*"
      }
    },
    "node_modules/asynckit": {
      "version": "0.4.0",
      "license": "MIT"
    },
    "node_modules/combined-stream": {
      "version": "1.0.8",
      "license": "MIT",
      "dependencies": {
        "delayed-stream": "~1.0.0"
      },
      "engines": {
        "node": ">= 0.8"
      }
    },
    "node_modules/delayed-stream": {
      "version": "1.0.0",
      "license": "MIT",
      "engines": {
        "node": ">=0.4.0"
      }
    },
    "node_modules/discord-api-types": {
      "version": "0.33.5",
      "license": "MIT"
    },
    "node_modules/discord.js": {
      "version": "13.9.2",
      "license": "Apache-2.0",
      "dependencies": {
        "@discordjs/builders": "^0.16.0",
        "@discordjs/collection": "^0.7.0",
        "@sapphire/async-queue": "^1.3.2",
        "@types/node-fetch": "^2.6.2",
        "@types/ws": "^8.5.3",
        "discord-api-types": "^0.33.3",
        "form-data": "^4.0.0",
        "node-fetch": "^2.6.7",
        "ws": "^8.8.1"
      },
      "engines": {
        "node": ">=16.6.0",
        "npm": ">=7.0.0"
      }
    },
    "node_modules/discordjs-reaction-role": {
      "version": "3.1.0-beta.1",
      "resolved": "https://registry.npmjs.org/discordjs-reaction-role/-/discordjs-reaction-role-3.1.0-beta.1.tgz",
      "integrity": "sha512-jKjZuZX5r/ZGSlfrEtMXmKZWMDaFqQb10wTbrpl1G7buWHyzzsFqisEB7SFzvmJ41Pkr0mvSkAWuLPIepJj5sA==",
      "engines": {
        "node": ">=16.6"
      },
      "peerDependencies": {
        "discord.js": "^13.0.0 || ^14.0.0"
      }
    },
    "node_modules/fast-deep-equal": {
      "version": "3.1.3",
      "license": "MIT"
    },
    "node_modules/form-data": {
      "version": "4.0.0",
      "license": "MIT",
      "dependencies": {
        "asynckit": "^0.4.0",
        "combined-stream": "^1.0.8",
        "mime-types": "^2.1.12"
      },
      "engines": {
        "node": ">= 6"
      }
    },
    "node_modules/lodash.uniqwith": {
      "version": "4.5.0",
      "license": "MIT"
    },
    "node_modules/mime-db": {
      "version": "1.52.0",
      "license": "MIT",
      "engines": {
        "node": ">= 0.6"
      }
    },
    "node_modules/mime-types": {
      "version": "2.1.35",
      "license": "MIT",
      "dependencies": {
        "mime-db": "1.52.0"
      },
      "engines": {
        "node": ">= 0.6"
      }
    },
    "node_modules/node-fetch": {
      "version": "2.6.7",
      "license": "MIT",
      "dependencies": {
        "whatwg-url": "^5.0.0"
      },
      "engines": {
        "node": "4.x || >=6.0.0"
      },
      "peerDependencies": {
        "encoding": "^0.1.0"
      },
      "peerDependenciesMeta": {
        "encoding": {
          "optional": true
        }
      }
    },
    "node_modules/tr46": {
      "version": "0.0.3",
      "license": "MIT"
    },
    "node_modules/ts-mixer": {
      "version": "6.0.1",
      "license": "MIT"
    },
    "node_modules/tslib": {
      "version": "2.4.0",
      "license": "0BSD"
    },
    "node_modules/typescript": {
      "version": "4.7.4",
      "resolved": "https://registry.npmjs.org/typescript/-/typescript-4.7.4.tgz",
      "integrity": "sha512-C0WQT0gezHuw6AdY1M2jxUO83Rjf0HP7Sk1DtXj6j1EwkQNZrHAg2XPWlq62oqEhYvONq5pkC2Y9oPljWToLmQ==",
      "dev": true,
      "bin": {
        "tsc": "bin/tsc",
        "tsserver": "bin/tsserver"
      },
      "engines": {
        "node": ">=4.2.0"
      }
    },
    "node_modules/webidl-conversions": {
      "version": "3.0.1",
      "license": "BSD-2-Clause"
    },
    "node_modules/whatwg-url": {
      "version": "5.0.0",
      "license": "MIT",
      "dependencies": {
        "tr46": "~0.0.3",
        "webidl-conversions": "^3.0.0"
      }
    },
    "node_modules/ws": {
      "version": "8.8.1",
      "license": "MIT",
      "engines": {
        "node": ">=10.0.0"
      },
      "peerDependencies": {
        "bufferutil": "^4.0.1",
        "utf-8-validate": "^5.0.2"
      },
      "peerDependenciesMeta": {
        "bufferutil": {
          "optional": true
        },
        "utf-8-validate": {
          "optional": true
        }
      }
    }
  },
  "dependencies": {
    "@discordjs/builders": {
      "version": "0.16.0",
      "requires": {
        "@sapphire/shapeshift": "^3.5.1",
        "discord-api-types": "^0.36.2",
        "fast-deep-equal": "^3.1.3",
        "ts-mixer": "^6.0.1",
        "tslib": "^2.4.0"
      },
      "dependencies": {
        "discord-api-types": {
          "version": "0.36.3"
        }
      }
    },
    "@discordjs/collection": {
      "version": "0.7.0"
    },
    "@sapphire/async-queue": {
      "version": "1.3.2"
    },
    "@sapphire/shapeshift": {
      "version": "3.5.1",
      "requires": {
        "fast-deep-equal": "^3.1.3",
        "lodash.uniqwith": "^4.5.0"
      }
    },
    "@types/node": {
      "version": "18.6.4"
    },
    "@types/node-fetch": {
      "version": "2.6.2",
      "requires": {
        "@types/node": "*",
        "form-data": "^3.0.0"
      },
      "dependencies": {
        "form-data": {
          "version": "3.0.1",
          "requires": {
            "asynckit": "^0.4.0",
            "combined-stream": "^1.0.8",
            "mime-types": "^2.1.12"
          }
        }
      }
    },
    "@types/ws": {
      "version": "8.5.3",
      "requires": {
        "@types/node": "*"
      }
    },
    "asynckit": {
      "version": "0.4.0"
    },
    "combined-stream": {
      "version": "1.0.8",
      "requires": {
        "delayed-stream": "~1.0.0"
      }
    },
    "delayed-stream": {
      "version": "1.0.0"
    },
    "discord-api-types": {
      "version": "0.33.5"
    },
    "discord.js": {
      "version": "13.9.2",
      "requires": {
        "@discordjs/builders": "^0.16.0",
        "@discordjs/collection": "^0.7.0",
        "@sapphire/async-queue": "^1.3.2",
        "@types/node-fetch": "^2.6.2",
        "@types/ws": "^8.5.3",
        "discord-api-types": "^0.33.3",
        "form-data": "^4.0.0",
        "node-fetch": "^2.6.7",
        "ws": "^8.8.1"
      }
    },
    "discordjs-reaction-role": {
      "version": "3.1.0-beta.1",
      "resolved": "https://registry.npmjs.org/discordjs-reaction-role/-/discordjs-reaction-role-3.1.0-beta.1.tgz",
      "integrity": "sha512-jKjZuZX5r/ZGSlfrEtMXmKZWMDaFqQb10wTbrpl1G7buWHyzzsFqisEB7SFzvmJ41Pkr0mvSkAWuLPIepJj5sA==",
      "requires": {}
    },
    "fast-deep-equal": {
      "version": "3.1.3"
    },
    "form-data": {
      "version": "4.0.0",
      "requires": {
        "asynckit": "^0.4.0",
        "combined-stream": "^1.0.8",
        "mime-types": "^2.1.12"
      }
    },
    "lodash.uniqwith": {
      "version": "4.5.0"
    },
    "mime-db": {
      "version": "1.52.0"
    },
    "mime-types": {
      "version": "2.1.35",
      "requires": {
        "mime-db": "1.52.0"
      }
    },
    "node-fetch": {
      "version": "2.6.7",
      "requires": {
        "whatwg-url": "^5.0.0"
      }
    },
    "tr46": {
      "version": "0.0.3"
    },
    "ts-mixer": {
      "version": "6.0.1"
    },
    "tslib": {
      "version": "2.4.0"
    },
    "typescript": {
      "version": "4.7.4",
      "resolved": "https://registry.npmjs.org/typescript/-/typescript-4.7.4.tgz",
      "integrity": "sha512-C0WQT0gezHuw6AdY1M2jxUO83Rjf0HP7Sk1DtXj6j1EwkQNZrHAg2XPWlq62oqEhYvONq5pkC2Y9oPljWToLmQ==",
      "dev": true
    },
    "webidl-conversions": {
      "version": "3.0.1"
    },
    "whatwg-url": {
      "version": "5.0.0",
      "requires": {
        "tr46": "~0.0.3",
        "webidl-conversions": "^3.0.0"
      }
    },
    "ws": {
      "version": "8.8.1",
      "requires": {}
    }
  }
}
